
Microsoft Visual Studio Solution File, Format Version 12.00
# Visual Studio 15
VisualStudioVersion = 15.0.28307.168
MinimumVisualStudioVersion = 10.0.40219.1
Project("{2150E333-8FDC-42A3-9474-1A3956D46DE8}") = "Others", "Others", "{0EA980BB-BB15-41A3-B75B-537BC42E985B}"
	ProjectSection(SolutionItems) = preProject
		Readme.MD = Readme.MD
	EndProjectSection
EndProject
Project("{9A19103F-16F7-4668-BE54-9A1E7A4F7556}") = "Test", "Test\Test.csproj", "{3B87711E-FF90-470B-A429-CFDF3B9B1F5F}"
EndProject
Project("{9A19103F-16F7-4668-BE54-9A1E7A4F7556}") = "AntJob", "AntJob\AntJob.csproj", "{717A3C5A-C4E9-4E85-BB57-916ED6FAC936}"
EndProject
Project("{9A19103F-16F7-4668-BE54-9A1E7A4F7556}") = "AntJob.Data", "AntJob.Data\AntJob.Data.csproj", "{01639CC1-1574-4AE1-BBC5-E0538FA5C44C}"
EndProject
Project("{FAE04EC0-301F-11D3-BF4B-00C04F79EFBC}") = "AntJob.Web", "AntJob.Web\AntJob.Web.csproj", "{A9E0597C-E818-4B33-8AC3-BE134D68B78E}"
EndProject
Project("{9A19103F-16F7-4668-BE54-9A1E7A4F7556}") = "AntJob.Server", "AntJob.Server\AntJob.Server.csproj", "{6780F068-804B-45D4-8907-1CD7C6FA0F81}"
EndProject
Global
	GlobalSection(SolutionConfigurationPlatforms) = preSolution
		Debug|Any CPU = Debug|Any CPU
		Release|Any CPU = Release|Any CPU
	EndGlobalSection
	GlobalSection(ProjectConfigurationPlatforms) = postSolution
		{3B87711E-FF90-470B-A429-CFDF3B9B1F5F}.Debug|Any CPU.ActiveCfg = Debug|Any CPU
		{3B87711E-FF90-470B-A429-CFDF3B9B1F5F}.Debug|Any CPU.Build.0 = Debug|Any CPU
		{3B87711E-FF90-470B-A429-CFDF3B9B1F5F}.Release|Any CPU.ActiveCfg = Release|Any CPU
		{3B87711E-FF90-470B-A429-CFDF3B9B1F5F}.Release|Any CPU.Build.0 = Release|Any CPU
		{717A3C5A-C4E9-4E85-BB57-916ED6FAC936}.Debug|Any CPU.ActiveCfg = Debug|Any CPU
		{717A3C5A-C4E9-4E85-BB57-916ED6FAC936}.Debug|Any CPU.Build.0 = Debug|Any CPU
		{717A3C5A-C4E9-4E85-BB57-916ED6FAC936}.Release|Any CPU.ActiveCfg = Release|Any CPU
		{717A3C5A-C4E9-4E85-BB57-916ED6FAC936}.Release|Any CPU.Build.0 = Release|Any CPU
		{01639CC1-1574-4AE1-BBC5-E0538FA5C44C}.Debug|Any CPU.ActiveCfg = Debug|Any CPU
		{01639CC1-1574-4AE1-BBC5-E0538FA5C44C}.Debug|Any CPU.Build.0 = Debug|Any CPU
		{01639CC1-1574-4AE1-BBC5-E0538FA5C44C}.Release|Any CPU.ActiveCfg = Release|Any CPU
		{01639CC1-1574-4AE1-BBC5-E0538FA5C44C}.Release|Any CPU.Build.0 = Release|Any CPU
		{A9E0597C-E818-4B33-8AC3-BE134D68B78E}.Debug|Any CPU.ActiveCfg = Debug|Any CPU
		{A9E0597C-E818-4B33-8AC3-BE134D68B78E}.Debug|Any CPU.Build.0 = Debug|Any CPU
		{A9E0597C-E818-4B33-8AC3-BE134D68B78E}.Release|Any CPU.ActiveCfg = Release|Any CPU
		{A9E0597C-E818-4B33-8AC3-BE134D68B78E}.Release|Any CPU.Build.0 = Release|Any CPU
		{6780F068-804B-45D4-8907-1CD7C6FA0F81}.Debug|Any CPU.ActiveCfg = Debug|Any CPU
		{6780F068-804B-45D4-8907-1CD7C6FA0F81}.Debug|Any CPU.Build.0 = Debug|Any CPU
		{6780F068-804B-45D4-8907-1CD7C6FA0F81}.Release|Any CPU.ActiveCfg = Release|Any CPU
		{6780F068-804B-45D4-8907-1CD7C6FA0F81}.Release|Any CPU.Build.0 = Release|Any CPU
	EndGlobalSection
	GlobalSection(SolutionProperties) = preSolution
		HideSolutionNode = FALSE
	EndGlobalSection
	GlobalSection(ExtensibilityGlobals) = postSolution
		SolutionGuid = {9337283C-C795-479F-A2F1-C892EBE2490C}
	EndGlobalSection
EndGlobal
