
Microsoft Visual Studio Solution File, Format Version 12.00
# Visual Studio Version 16
VisualStudioVersion = 16.0.28729.10
MinimumVisualStudioVersion = 10.0.40219.1
Project("{2150E333-8FDC-42A3-9474-1A3956D46DE8}") = "Others", "Others", "{0EA980BB-BB15-41A3-B75B-537BC42E985B}"
	ProjectSection(SolutionItems) = preProject
		Readme.MD = Readme.MD
	EndProjectSection
EndProject
Project("{9A19103F-16F7-4668-BE54-9A1E7A4F7556}") = "Test", "Test\Test.csproj", "{3B87711E-FF90-470B-A429-CFDF3B9B1F5F}"
EndProject
Project("{9A19103F-16F7-4668-BE54-9A1E7A4F7556}") = "AntJob", "AntJob\AntJob.csproj", "{717A3C5A-C4E9-4E85-BB57-916ED6FAC936}"
EndProject
Project("{9A19103F-16F7-4668-BE54-9A1E7A4F7556}") = "AntJob.Data", "AntJob.Data\AntJob.Data.csproj", "{01639CC1-1574-4AE1-BBC5-E0538FA5C44C}"
EndProject
Project("{9A19103F-16F7-4668-BE54-9A1E7A4F7556}") = "AntJob.Web", "AntJob.Web\AntJob.Web.csproj", "{A9E0597C-E818-4B33-8AC3-BE134D68B78E}"
EndProject
Project("{9A19103F-16F7-4668-BE54-9A1E7A4F7556}") = "AntJob.Server", "AntJob.Server\AntJob.Server.csproj", "{6780F068-804B-45D4-8907-1CD7C6FA0F81}"
EndProject
Project("{9A19103F-16F7-4668-BE54-9A1E7A4F7556}") = "AntJob.Extensions", "AntJob.Extensions\AntJob.Extensions.csproj", "{581C518F-BFE1-4744-8FB3-7421D7016F2F}"
EndProject
Project("{2150E333-8FDC-42A3-9474-1A3956D46DE8}") = "Samples", "Samples", "{E842807F-C45E-44DA-8AAE-7915C1EBF2A2}"
EndProject
Project("{2150E333-8FDC-42A3-9474-1A3956D46DE8}") = "Solution Items", "Solution Items", "{A1EF271C-AEA8-4EA3-A76F-906B4D4A9058}"
	ProjectSection(SolutionItems) = preProject
		.editorconfig = .editorconfig
	EndProjectSection
EndProject
Project("{9A19103F-16F7-4668-BE54-9A1E7A4F7556}") = "AntJob.Agent", "AntJob.Agent\AntJob.Agent.csproj", "{0970FDBA-2331-4600-8DD5-A37B41AF989F}"
EndProject
Project("{9A19103F-16F7-4668-BE54-9A1E7A4F7556}") = "HisAgent", "Samples\HisAgent\HisAgent.csproj", "{E62006DC-E61B-42B0-A06B-ED5BF3F73D9E}"
EndProject
Project("{9A19103F-16F7-4668-BE54-9A1E7A4F7556}") = "HisData", "Samples\HisData\HisData.csproj", "{38F8667D-70B7-4A90-8CA7-63738E925DFF}"
EndProject
Project("{9A19103F-16F7-4668-BE54-9A1E7A4F7556}") = "HisWeb", "Samples\HisWeb\HisWeb.csproj", "{153499A6-E73C-4C5A-8867-D29BD586A74B}"
EndProject
Project("{2150E333-8FDC-42A3-9474-1A3956D46DE8}") = "UnitTest", "UnitTest", "{26660D0A-8724-4434-88D1-5EE861A68309}"
EndProject
Project("{FAE04EC0-301F-11D3-BF4B-00C04F79EFBC}") = "AntTest", "AntTest\AntTest.csproj", "{A13E58D2-A185-4945-98B7-B6B0951A19D2}"
EndProject
Global
	GlobalSection(SolutionConfigurationPlatforms) = preSolution
		Debug|Any CPU = Debug|Any CPU
		Release|Any CPU = Release|Any CPU
	EndGlobalSection
	GlobalSection(ProjectConfigurationPlatforms) = postSolution
		{3B87711E-FF90-470B-A429-CFDF3B9B1F5F}.Debug|Any CPU.ActiveCfg = Debug|Any CPU
		{3B87711E-FF90-470B-A429-CFDF3B9B1F5F}.Debug|Any CPU.Build.0 = Debug|Any CPU
		{3B87711E-FF90-470B-A429-CFDF3B9B1F5F}.Release|Any CPU.ActiveCfg = Release|Any CPU
		{3B87711E-FF90-470B-A429-CFDF3B9B1F5F}.Release|Any CPU.Build.0 = Release|Any CPU
		{717A3C5A-C4E9-4E85-BB57-916ED6FAC936}.Debug|Any CPU.ActiveCfg = Debug|Any CPU
		{717A3C5A-C4E9-4E85-BB57-916ED6FAC936}.Debug|Any CPU.Build.0 = Debug|Any CPU
		{717A3C5A-C4E9-4E85-BB57-916ED6FAC936}.Release|Any CPU.ActiveCfg = Release|Any CPU
		{717A3C5A-C4E9-4E85-BB57-916ED6FAC936}.Release|Any CPU.Build.0 = Release|Any CPU
		{01639CC1-1574-4AE1-BBC5-E0538FA5C44C}.Debug|Any CPU.ActiveCfg = Debug|Any CPU
		{01639CC1-1574-4AE1-BBC5-E0538FA5C44C}.Debug|Any CPU.Build.0 = Debug|Any CPU
		{01639CC1-1574-4AE1-BBC5-E0538FA5C44C}.Release|Any CPU.ActiveCfg = Release|Any CPU
		{01639CC1-1574-4AE1-BBC5-E0538FA5C44C}.Release|Any CPU.Build.0 = Release|Any CPU
		{A9E0597C-E818-4B33-8AC3-BE134D68B78E}.Debug|Any CPU.ActiveCfg = Debug|Any CPU
		{A9E0597C-E818-4B33-8AC3-BE134D68B78E}.Debug|Any CPU.Build.0 = Debug|Any CPU
		{A9E0597C-E818-4B33-8AC3-BE134D68B78E}.Release|Any CPU.ActiveCfg = Release|Any CPU
		{A9E0597C-E818-4B33-8AC3-BE134D68B78E}.Release|Any CPU.Build.0 = Release|Any CPU
		{6780F068-804B-45D4-8907-1CD7C6FA0F81}.Debug|Any CPU.ActiveCfg = Debug|Any CPU
		{6780F068-804B-45D4-8907-1CD7C6FA0F81}.Debug|Any CPU.Build.0 = Debug|Any CPU
		{6780F068-804B-45D4-8907-1CD7C6FA0F81}.Release|Any CPU.ActiveCfg = Release|Any CPU
		{6780F068-804B-45D4-8907-1CD7C6FA0F81}.Release|Any CPU.Build.0 = Release|Any CPU
		{581C518F-BFE1-4744-8FB3-7421D7016F2F}.Debug|Any CPU.ActiveCfg = Debug|Any CPU
		{581C518F-BFE1-4744-8FB3-7421D7016F2F}.Debug|Any CPU.Build.0 = Debug|Any CPU
		{581C518F-BFE1-4744-8FB3-7421D7016F2F}.Release|Any CPU.ActiveCfg = Release|Any CPU
		{581C518F-BFE1-4744-8FB3-7421D7016F2F}.Release|Any CPU.Build.0 = Release|Any CPU
		{0970FDBA-2331-4600-8DD5-A37B41AF989F}.Debug|Any CPU.ActiveCfg = Debug|Any CPU
		{0970FDBA-2331-4600-8DD5-A37B41AF989F}.Debug|Any CPU.Build.0 = Debug|Any CPU
		{0970FDBA-2331-4600-8DD5-A37B41AF989F}.Release|Any CPU.ActiveCfg = Release|Any CPU
		{0970FDBA-2331-4600-8DD5-A37B41AF989F}.Release|Any CPU.Build.0 = Release|Any CPU
		{E62006DC-E61B-42B0-A06B-ED5BF3F73D9E}.Debug|Any CPU.ActiveCfg = Debug|Any CPU
		{E62006DC-E61B-42B0-A06B-ED5BF3F73D9E}.Debug|Any CPU.Build.0 = Debug|Any CPU
		{E62006DC-E61B-42B0-A06B-ED5BF3F73D9E}.Release|Any CPU.ActiveCfg = Release|Any CPU
		{E62006DC-E61B-42B0-A06B-ED5BF3F73D9E}.Release|Any CPU.Build.0 = Release|Any CPU
		{38F8667D-70B7-4A90-8CA7-63738E925DFF}.Debug|Any CPU.ActiveCfg = Debug|Any CPU
		{38F8667D-70B7-4A90-8CA7-63738E925DFF}.Debug|Any CPU.Build.0 = Debug|Any CPU
		{38F8667D-70B7-4A90-8CA7-63738E925DFF}.Release|Any CPU.ActiveCfg = Release|Any CPU
		{38F8667D-70B7-4A90-8CA7-63738E925DFF}.Release|Any CPU.Build.0 = Release|Any CPU
		{153499A6-E73C-4C5A-8867-D29BD586A74B}.Debug|Any CPU.ActiveCfg = Debug|Any CPU
		{153499A6-E73C-4C5A-8867-D29BD586A74B}.Debug|Any CPU.Build.0 = Debug|Any CPU
		{153499A6-E73C-4C5A-8867-D29BD586A74B}.Release|Any CPU.ActiveCfg = Release|Any CPU
		{153499A6-E73C-4C5A-8867-D29BD586A74B}.Release|Any CPU.Build.0 = Release|Any CPU
		{A13E58D2-A185-4945-98B7-B6B0951A19D2}.Debug|Any CPU.ActiveCfg = Debug|Any CPU
		{A13E58D2-A185-4945-98B7-B6B0951A19D2}.Debug|Any CPU.Build.0 = Debug|Any CPU
		{A13E58D2-A185-4945-98B7-B6B0951A19D2}.Release|Any CPU.ActiveCfg = Release|Any CPU
		{A13E58D2-A185-4945-98B7-B6B0951A19D2}.Release|Any CPU.Build.0 = Release|Any CPU
	EndGlobalSection
	GlobalSection(SolutionProperties) = preSolution
		HideSolutionNode = FALSE
	EndGlobalSection
	GlobalSection(NestedProjects) = preSolution
		{E62006DC-E61B-42B0-A06B-ED5BF3F73D9E} = {E842807F-C45E-44DA-8AAE-7915C1EBF2A2}
		{38F8667D-70B7-4A90-8CA7-63738E925DFF} = {E842807F-C45E-44DA-8AAE-7915C1EBF2A2}
		{153499A6-E73C-4C5A-8867-D29BD586A74B} = {E842807F-C45E-44DA-8AAE-7915C1EBF2A2}
		{A13E58D2-A185-4945-98B7-B6B0951A19D2} = {26660D0A-8724-4434-88D1-5EE861A68309}
	EndGlobalSection
	GlobalSection(ExtensibilityGlobals) = postSolution
		SolutionGuid = {9337283C-C795-479F-A2F1-C892EBE2490C}
	EndGlobalSection
EndGlobal
